
Microsoft Visual Studio Solution File, Format Version 12.00
# Visual Studio Version 16
VisualStudioVersion = 16.0.30011.22
MinimumVisualStudioVersion = 10.0.40219.1
Project("{9A19103F-16F7-4668-BE54-9A1E7A4F7556}") = "Gradebook", "Gradebook.csproj", "{464DDE2E-0D86-441D-B917-98CB8793AC8D}"
EndProject
Project("{FAE04EC0-301F-11D3-BF4B-00C04F79EFBC}") = "GradeBook.Tests", "..\test\GradeBook.Tests\GradeBook.Tests.csproj", "{81352965-51EB-4868-AD0F-A456962FF512}"
EndProject
Global
	GlobalSection(SolutionConfigurationPlatforms) = preSolution
		Debug|Any CPU = Debug|Any CPU
		Release|Any CPU = Release|Any CPU
	EndGlobalSection
	GlobalSection(ProjectConfigurationPlatforms) = postSolution
		{464DDE2E-0D86-441D-B917-98CB8793AC8D}.Debug|Any CPU.ActiveCfg = Debug|Any CPU
		{464DDE2E-0D86-441D-B917-98CB8793AC8D}.Debug|Any CPU.Build.0 = Debug|Any CPU
		{464DDE2E-0D86-441D-B917-98CB8793AC8D}.Release|Any CPU.ActiveCfg = Release|Any CPU
		{464DDE2E-0D86-441D-B917-98CB8793AC8D}.Release|Any CPU.Build.0 = Release|Any CPU
		{81352965-51EB-4868-AD0F-A456962FF512}.Debug|Any CPU.ActiveCfg = Debug|Any CPU
		{81352965-51EB-4868-AD0F-A456962FF512}.Debug|Any CPU.Build.0 = Debug|Any CPU
		{81352965-51EB-4868-AD0F-A456962FF512}.Release|Any CPU.ActiveCfg = Release|Any CPU
		{81352965-51EB-4868-AD0F-A456962FF512}.Release|Any CPU.Build.0 = Release|Any CPU
	EndGlobalSection
	GlobalSection(SolutionProperties) = preSolution
		HideSolutionNode = FALSE
	EndGlobalSection
	GlobalSection(ExtensibilityGlobals) = postSolution
		SolutionGuid = {884E43E4-4E55-4B55-BC3A-38F667F62E4E}
	EndGlobalSection
EndGlobal
